{
  "requires": true,
  "lockfileVersion": 1,
  "dependencies": {
    "@angular/core": {
      "version": "4.4.6",
      "resolved": "https://registry.npmjs.org/@angular/core/-/core-4.4.6.tgz",
      "integrity": "sha1-EwMf0Q3P5DiHVBmzjyESCVi8I1Q=",
      "requires": {
        "tslib": "1.9.0"
      }
    },
    "@angular/platform-browser": {
      "version": "4.4.6",
      "resolved": "https://registry.npmjs.org/@angular/platform-browser/-/platform-browser-4.4.6.tgz",
      "integrity": "sha1-qYOcVH4bZU+h0kqJeAyLpquNzOA=",
      "requires": {
        "tslib": "1.9.0"
      }
    },
    "angular": {
      "version": "1.6.9",
      "resolved": "https://registry.npmjs.org/angular/-/angular-1.6.9.tgz",
      "integrity": "sha512-6igWH2GIsxV+J38wNWCh8oyjaZsrIPIDO35twloIUyjlF2Yit6UyLAWujHP05ma/LFxTsx4NtYibRoMNBXPR1A=="
    },
    "angular-drag-and-drop-lists": {
      "version": "2.1.0",
      "resolved": "https://registry.npmjs.org/angular-drag-and-drop-lists/-/angular-drag-and-drop-lists-2.1.0.tgz",
      "integrity": "sha1-2hDMhcgEJR+6qoTYN/c4D7DNeA8="
    },
    "angular-sweetalert": {
      "version": "1.1.2",
      "resolved": "https://registry.npmjs.org/angular-sweetalert/-/angular-sweetalert-1.1.2.tgz",
      "integrity": "sha1-tQkMTh+khtm2G56nmdW3B7sEQi8=",
      "requires": {
        "angular": "1.6.9",
        "sweetalert": "0.4.2"
      }
    },
    "angular-sweetalert-service": {
      "version": "2.0.2",
      "resolved": "https://registry.npmjs.org/angular-sweetalert-service/-/angular-sweetalert-service-2.0.2.tgz",
      "integrity": "sha1-EUX/y7U14yd2O8ohtQ8Sq2UuR38=",
      "requires": {
        "@angular/core": "4.4.6",
        "@angular/platform-browser": "4.4.6",
        "object-assign": "4.1.1",
        "sweetalert2": "6.11.5"
      }
    },
    "ng-drag-to-reorder": {
      "version": "1.0.8",
      "resolved": "https://registry.npmjs.org/ng-drag-to-reorder/-/ng-drag-to-reorder-1.0.8.tgz",
      "integrity": "sha1-VLiWMFDFzyNooO1+/A3di/bRye0="
    },
    "ng-draggable": {
      "version": "1.0.0",
      "resolved": "https://registry.npmjs.org/ng-draggable/-/ng-draggable-1.0.0.tgz",
      "integrity": "sha1-+LjaaqMBbmAQk0tAJByiTdzzqqM="
    },
    "ng-sweet-alert": {
      "version": "1.0.11",
      "resolved": "https://registry.npmjs.org/ng-sweet-alert/-/ng-sweet-alert-1.0.11.tgz",
      "integrity": "sha1-2CIzIgoilsuOrmZG+Fdrg42uV3E="
    },
    "object-assign": {
      "version": "4.1.1",
      "resolved": "https://registry.npmjs.org/object-assign/-/object-assign-4.1.1.tgz",
      "integrity": "sha1-IQmtx5ZYh8/AXLvUQsrIv7s2CGM="
    },
    "sweetalert": {
      "version": "0.4.2",
      "resolved": "https://registry.npmjs.org/sweetalert/-/sweetalert-0.4.2.tgz",
      "integrity": "sha1-/AnviJSNDyXk8SMqIhSfCecDdT4="
    },
    "sweetalert2": {
      "version": "6.11.5",
      "resolved": "https://registry.npmjs.org/sweetalert2/-/sweetalert2-6.11.5.tgz",
      "integrity": "sha512-8Otu1SlWGS/u3e31cOg+uqrwyoQbByEScKp7UupmCfwEZE9St3coO1e6CXv83YzZtzdDgowdK1hBPKPW7SRp4Q=="
    },
    "tslib": {
      "version": "1.9.0",
      "resolved": "https://registry.npmjs.org/tslib/-/tslib-1.9.0.tgz",
      "integrity": "sha512-f/qGG2tUkrISBlQZEjEqoZ3B2+npJjIf04H1wuAv9iA8i04Icp+61KRXxFdha22670NJopsZCIjhC3SnjPRKrQ=="
    }
  }
}
